
Microsoft Visual Studio Solution File, Format Version 12.00
# Visual Studio Version 17
VisualStudioVersion = 17.14.37012.4 d17.14
MinimumVisualStudioVersion = 10.0.40219.1
Project("{FAE04EC0-301F-11D3-BF4B-00C04F79EFBC}") = "CinemaTicketSystem", "CinemaTicketSystem.csproj", "{27C82062-98AE-4030-93C1-8C9B58C77415}"
EndProject
Global
	GlobalSection(SolutionConfigurationPlatforms) = preSolution
		Debug|Any CPU = Debug|Any CPU
		Release|Any CPU = Release|Any CPU
	EndGlobalSection
	GlobalSection(ProjectConfigurationPlatforms) = postSolution
		{27C82062-98AE-4030-93C1-8C9B58C77415}.Debug|Any CPU.ActiveCfg = Debug|Any CPU
		{27C82062-98AE-4030-93C1-8C9B58C77415}.Debug|Any CPU.Build.0 = Debug|Any CPU
		{27C82062-98AE-4030-93C1-8C9B58C77415}.Release|Any CPU.ActiveCfg = Release|Any CPU
		{27C82062-98AE-4030-93C1-8C9B58C77415}.Release|Any CPU.Build.0 = Release|Any CPU
	EndGlobalSection
	GlobalSection(SolutionProperties) = preSolution
		HideSolutionNode = FALSE
	EndGlobalSection
	GlobalSection(ExtensibilityGlobals) = postSolution
		SolutionGuid = {E09103F3-1C0C-46A5-9277-75FD1946DE5E}
	EndGlobalSection
EndGlobal
